
Microsoft Visual Studio Solution File, Format Version 12.00
# Visual Studio Version 16
VisualStudioVersion = 16.0.29418.71
MinimumVisualStudioVersion = 10.0.40219.1
Project("{9A19103F-16F7-4668-BE54-9A1E7A4F7556}") = "Hafela", "Hafela\Hafela.csproj", "{54A1949B-2937-43E1-8BA2-C504696E7AAE}"
EndProject
Project("{9A19103F-16F7-4668-BE54-9A1E7A4F7556}") = "Entities", "Entities\Entities.csproj", "{F572B25C-3A23-4C7A-A71C-96F7C044437F}"
EndProject
Project("{9A19103F-16F7-4668-BE54-9A1E7A4F7556}") = "Services", "Services\Services.csproj", "{4D5CFDEE-847B-4974-BD26-38E93064C8FC}"
EndProject
Project("{9A19103F-16F7-4668-BE54-9A1E7A4F7556}") = "Data", "DataLayer\Data.csproj", "{77321418-E17C-4194-A92E-B81ACFB95FD0}"
EndProject
Project("{9A19103F-16F7-4668-BE54-9A1E7A4F7556}") = "Context", "DbContext\Context.csproj", "{541DB4DC-D04E-4D26-B495-3611EB3BFC36}"
EndProject
Project("{9A19103F-16F7-4668-BE54-9A1E7A4F7556}") = "Settings", "Settings\Settings.csproj", "{936DFF17-0CF1-4D1C-B04C-8CBC6F760061}"
EndProject
Global
	GlobalSection(SolutionConfigurationPlatforms) = preSolution
		Debug|Any CPU = Debug|Any CPU
		Release|Any CPU = Release|Any CPU
	EndGlobalSection
	GlobalSection(ProjectConfigurationPlatforms) = postSolution
		{54A1949B-2937-43E1-8BA2-C504696E7AAE}.Debug|Any CPU.ActiveCfg = Debug|Any CPU
		{54A1949B-2937-43E1-8BA2-C504696E7AAE}.Debug|Any CPU.Build.0 = Debug|Any CPU
		{54A1949B-2937-43E1-8BA2-C504696E7AAE}.Release|Any CPU.ActiveCfg = Release|Any CPU
		{54A1949B-2937-43E1-8BA2-C504696E7AAE}.Release|Any CPU.Build.0 = Release|Any CPU
		{F572B25C-3A23-4C7A-A71C-96F7C044437F}.Debug|Any CPU.ActiveCfg = Debug|Any CPU
		{F572B25C-3A23-4C7A-A71C-96F7C044437F}.Debug|Any CPU.Build.0 = Debug|Any CPU
		{F572B25C-3A23-4C7A-A71C-96F7C044437F}.Release|Any CPU.ActiveCfg = Release|Any CPU
		{F572B25C-3A23-4C7A-A71C-96F7C044437F}.Release|Any CPU.Build.0 = Release|Any CPU
		{4D5CFDEE-847B-4974-BD26-38E93064C8FC}.Debug|Any CPU.ActiveCfg = Debug|Any CPU
		{4D5CFDEE-847B-4974-BD26-38E93064C8FC}.Debug|Any CPU.Build.0 = Debug|Any CPU
		{4D5CFDEE-847B-4974-BD26-38E93064C8FC}.Release|Any CPU.ActiveCfg = Release|Any CPU
		{4D5CFDEE-847B-4974-BD26-38E93064C8FC}.Release|Any CPU.Build.0 = Release|Any CPU
		{77321418-E17C-4194-A92E-B81ACFB95FD0}.Debug|Any CPU.ActiveCfg = Debug|Any CPU
		{77321418-E17C-4194-A92E-B81ACFB95FD0}.Debug|Any CPU.Build.0 = Debug|Any CPU
		{77321418-E17C-4194-A92E-B81ACFB95FD0}.Release|Any CPU.ActiveCfg = Release|Any CPU
		{77321418-E17C-4194-A92E-B81ACFB95FD0}.Release|Any CPU.Build.0 = Release|Any CPU
		{541DB4DC-D04E-4D26-B495-3611EB3BFC36}.Debug|Any CPU.ActiveCfg = Debug|Any CPU
		{541DB4DC-D04E-4D26-B495-3611EB3BFC36}.Debug|Any CPU.Build.0 = Debug|Any CPU
		{541DB4DC-D04E-4D26-B495-3611EB3BFC36}.Release|Any CPU.ActiveCfg = Release|Any CPU
		{541DB4DC-D04E-4D26-B495-3611EB3BFC36}.Release|Any CPU.Build.0 = Release|Any CPU
		{936DFF17-0CF1-4D1C-B04C-8CBC6F760061}.Debug|Any CPU.ActiveCfg = Debug|Any CPU
		{936DFF17-0CF1-4D1C-B04C-8CBC6F760061}.Debug|Any CPU.Build.0 = Debug|Any CPU
		{936DFF17-0CF1-4D1C-B04C-8CBC6F760061}.Release|Any CPU.ActiveCfg = Release|Any CPU
		{936DFF17-0CF1-4D1C-B04C-8CBC6F760061}.Release|Any CPU.Build.0 = Release|Any CPU
	EndGlobalSection
	GlobalSection(SolutionProperties) = preSolution
		HideSolutionNode = FALSE
	EndGlobalSection
	GlobalSection(ExtensibilityGlobals) = postSolution
		SolutionGuid = {84DBEEB5-1E79-410C-8F92-2BDA0C230C64}
	EndGlobalSection
EndGlobal
